
Microsoft Visual Studio Solution File, Format Version 12.00
# Visual Studio Version 16
VisualStudioVersion = 16.0.30907.101
MinimumVisualStudioVersion = 10.0.40219.1
Project("{FAE04EC0-301F-11D3-BF4B-00C04F79EFBC}") = "Library Management System", "Library Management System\Library Management System.csproj", "{D4A6EE21-ED91-47DE-A762-FC4E675C4D41}"
EndProject
Project("{FAE04EC0-301F-11D3-BF4B-00C04F79EFBC}") = "DAL", "DAL\DAL.csproj", "{EF8CB671-2BDF-4590-92B8-6B41FE86B2CE}"
EndProject
Global
	GlobalSection(SolutionConfigurationPlatforms) = preSolution
		Debug|Any CPU = Debug|Any CPU
		Release|Any CPU = Release|Any CPU
	EndGlobalSection
	GlobalSection(ProjectConfigurationPlatforms) = postSolution
		{D4A6EE21-ED91-47DE-A762-FC4E675C4D41}.Debug|Any CPU.ActiveCfg = Debug|Any CPU
		{D4A6EE21-ED91-47DE-A762-FC4E675C4D41}.Debug|Any CPU.Build.0 = Debug|Any CPU
		{D4A6EE21-ED91-47DE-A762-FC4E675C4D41}.Release|Any CPU.ActiveCfg = Release|Any CPU
		{D4A6EE21-ED91-47DE-A762-FC4E675C4D41}.Release|Any CPU.Build.0 = Release|Any CPU
		{EF8CB671-2BDF-4590-92B8-6B41FE86B2CE}.Debug|Any CPU.ActiveCfg = Debug|Any CPU
		{EF8CB671-2BDF-4590-92B8-6B41FE86B2CE}.Debug|Any CPU.Build.0 = Debug|Any CPU
		{EF8CB671-2BDF-4590-92B8-6B41FE86B2CE}.Release|Any CPU.ActiveCfg = Release|Any CPU
		{EF8CB671-2BDF-4590-92B8-6B41FE86B2CE}.Release|Any CPU.Build.0 = Release|Any CPU
	EndGlobalSection
	GlobalSection(SolutionProperties) = preSolution
		HideSolutionNode = FALSE
	EndGlobalSection
	GlobalSection(ExtensibilityGlobals) = postSolution
		SolutionGuid = {448A5BE0-4B4C-4B5F-B74E-0741BC9952F1}
	EndGlobalSection
EndGlobal
